
Microsoft Visual Studio Solution File, Format Version 12.00
# Visual Studio Version 17
VisualStudioVersion = 17.8.34316.72
MinimumVisualStudioVersion = 10.0.40219.1
Project("{8BC9CEB8-8B4A-11D0-8D11-00A0C91BC942}") = "ACCESS elemnt of vector", "ACCESS elemnt of vector\ACCESS elemnt of vector.vcxproj", "{299A558F-45AA-4572-8CD6-291A1B30FF63}"
EndProject
Global
	GlobalSection(SolutionConfigurationPlatforms) = preSolution
		Debug|x64 = Debug|x64
		Debug|x86 = Debug|x86
		Release|x64 = Release|x64
		Release|x86 = Release|x86
	EndGlobalSection
	GlobalSection(ProjectConfigurationPlatforms) = postSolution
		{299A558F-45AA-4572-8CD6-291A1B30FF63}.Debug|x64.ActiveCfg = Debug|x64
		{299A558F-45AA-4572-8CD6-291A1B30FF63}.Debug|x64.Build.0 = Debug|x64
		{299A558F-45AA-4572-8CD6-291A1B30FF63}.Debug|x86.ActiveCfg = Debug|Win32
		{299A558F-45AA-4572-8CD6-291A1B30FF63}.Debug|x86.Build.0 = Debug|Win32
		{299A558F-45AA-4572-8CD6-291A1B30FF63}.Release|x64.ActiveCfg = Release|x64
		{299A558F-45AA-4572-8CD6-291A1B30FF63}.Release|x64.Build.0 = Release|x64
		{299A558F-45AA-4572-8CD6-291A1B30FF63}.Release|x86.ActiveCfg = Release|Win32
		{299A558F-45AA-4572-8CD6-291A1B30FF63}.Release|x86.Build.0 = Release|Win32
	EndGlobalSection
	GlobalSection(SolutionProperties) = preSolution
		HideSolutionNode = FALSE
	EndGlobalSection
	GlobalSection(ExtensibilityGlobals) = postSolution
		SolutionGuid = {388D8C15-02EF-4B17-847F-80926D4AE605}
	EndGlobalSection
EndGlobal
