
Microsoft Visual Studio Solution File, Format Version 12.00
# Visual Studio Version 17
VisualStudioVersion = 17.11.35312.102
MinimumVisualStudioVersion = 10.0.40219.1
Project("{FAE04EC0-301F-11D3-BF4B-00C04F79EFBC}") = "Delegate More Practise", "Delegate More Practise.csproj", "{4A969191-DD6C-4BB2-9EE1-F97F1E0371C9}"
EndProject
Global
	GlobalSection(SolutionConfigurationPlatforms) = preSolution
		Debug|Any CPU = Debug|Any CPU
		Release|Any CPU = Release|Any CPU
	EndGlobalSection
	GlobalSection(ProjectConfigurationPlatforms) = postSolution
		{4A969191-DD6C-4BB2-9EE1-F97F1E0371C9}.Debug|Any CPU.ActiveCfg = Debug|Any CPU
		{4A969191-DD6C-4BB2-9EE1-F97F1E0371C9}.Debug|Any CPU.Build.0 = Debug|Any CPU
		{4A969191-DD6C-4BB2-9EE1-F97F1E0371C9}.Release|Any CPU.ActiveCfg = Release|Any CPU
		{4A969191-DD6C-4BB2-9EE1-F97F1E0371C9}.Release|Any CPU.Build.0 = Release|Any CPU
	EndGlobalSection
	GlobalSection(SolutionProperties) = preSolution
		HideSolutionNode = FALSE
	EndGlobalSection
	GlobalSection(ExtensibilityGlobals) = postSolution
		SolutionGuid = {8E4F247D-18C2-40E3-9EC2-A88921226881}
	EndGlobalSection
EndGlobal
