
Microsoft Visual Studio Solution File, Format Version 12.00
# Visual Studio Version 17
VisualStudioVersion = 17.11.35431.28
MinimumVisualStudioVersion = 10.0.40219.1
Project("{FAE04EC0-301F-11D3-BF4B-00C04F79EFBC}") = "Example 2 From ChatGpt", "Example 2 From ChatGpt.csproj", "{F57972C3-7F22-4117-A015-AEAFA0E512CC}"
EndProject
Global
	GlobalSection(SolutionConfigurationPlatforms) = preSolution
		Debug|Any CPU = Debug|Any CPU
		Release|Any CPU = Release|Any CPU
	EndGlobalSection
	GlobalSection(ProjectConfigurationPlatforms) = postSolution
		{F57972C3-7F22-4117-A015-AEAFA0E512CC}.Debug|Any CPU.ActiveCfg = Debug|Any CPU
		{F57972C3-7F22-4117-A015-AEAFA0E512CC}.Debug|Any CPU.Build.0 = Debug|Any CPU
		{F57972C3-7F22-4117-A015-AEAFA0E512CC}.Release|Any CPU.ActiveCfg = Release|Any CPU
		{F57972C3-7F22-4117-A015-AEAFA0E512CC}.Release|Any CPU.Build.0 = Release|Any CPU
	EndGlobalSection
	GlobalSection(SolutionProperties) = preSolution
		HideSolutionNode = FALSE
	EndGlobalSection
	GlobalSection(ExtensibilityGlobals) = postSolution
		SolutionGuid = {8FE0D74A-FE24-486D-ADA0-39AFAB48F52B}
	EndGlobalSection
EndGlobal
