
Microsoft Visual Studio Solution File, Format Version 12.00
# Visual Studio Version 17
VisualStudioVersion = 17.8.34316.72
MinimumVisualStudioVersion = 10.0.40219.1
Project("{8BC9CEB8-8B4A-11D0-8D11-00A0C91BC942}") = "print each word of string", "print each word of string\print each word of string.vcxproj", "{034162FB-F363-4223-B8A1-BAB661D56C2C}"
EndProject
Global
	GlobalSection(SolutionConfigurationPlatforms) = preSolution
		Debug|x64 = Debug|x64
		Debug|x86 = Debug|x86
		Release|x64 = Release|x64
		Release|x86 = Release|x86
	EndGlobalSection
	GlobalSection(ProjectConfigurationPlatforms) = postSolution
		{034162FB-F363-4223-B8A1-BAB661D56C2C}.Debug|x64.ActiveCfg = Debug|x64
		{034162FB-F363-4223-B8A1-BAB661D56C2C}.Debug|x64.Build.0 = Debug|x64
		{034162FB-F363-4223-B8A1-BAB661D56C2C}.Debug|x86.ActiveCfg = Debug|Win32
		{034162FB-F363-4223-B8A1-BAB661D56C2C}.Debug|x86.Build.0 = Debug|Win32
		{034162FB-F363-4223-B8A1-BAB661D56C2C}.Release|x64.ActiveCfg = Release|x64
		{034162FB-F363-4223-B8A1-BAB661D56C2C}.Release|x64.Build.0 = Release|x64
		{034162FB-F363-4223-B8A1-BAB661D56C2C}.Release|x86.ActiveCfg = Release|Win32
		{034162FB-F363-4223-B8A1-BAB661D56C2C}.Release|x86.Build.0 = Release|Win32
	EndGlobalSection
	GlobalSection(SolutionProperties) = preSolution
		HideSolutionNode = FALSE
	EndGlobalSection
	GlobalSection(ExtensibilityGlobals) = postSolution
		SolutionGuid = {8EE0A124-4082-4033-B5E5-C5FCE39DAF5B}
	EndGlobalSection
EndGlobal
