
Microsoft Visual Studio Solution File, Format Version 12.00
# Visual Studio Version 17
VisualStudioVersion = 17.8.34316.72
MinimumVisualStudioVersion = 10.0.40219.1
Project("{8BC9CEB8-8B4A-11D0-8D11-00A0C91BC942}") = "static variable", "static variable\static variable.vcxproj", "{DB877F68-3521-42BD-8664-959B0FD6733B}"
EndProject
Global
	GlobalSection(SolutionConfigurationPlatforms) = preSolution
		Debug|x64 = Debug|x64
		Debug|x86 = Debug|x86
		Release|x64 = Release|x64
		Release|x86 = Release|x86
	EndGlobalSection
	GlobalSection(ProjectConfigurationPlatforms) = postSolution
		{DB877F68-3521-42BD-8664-959B0FD6733B}.Debug|x64.ActiveCfg = Debug|x64
		{DB877F68-3521-42BD-8664-959B0FD6733B}.Debug|x64.Build.0 = Debug|x64
		{DB877F68-3521-42BD-8664-959B0FD6733B}.Debug|x86.ActiveCfg = Debug|Win32
		{DB877F68-3521-42BD-8664-959B0FD6733B}.Debug|x86.Build.0 = Debug|Win32
		{DB877F68-3521-42BD-8664-959B0FD6733B}.Release|x64.ActiveCfg = Release|x64
		{DB877F68-3521-42BD-8664-959B0FD6733B}.Release|x64.Build.0 = Release|x64
		{DB877F68-3521-42BD-8664-959B0FD6733B}.Release|x86.ActiveCfg = Release|Win32
		{DB877F68-3521-42BD-8664-959B0FD6733B}.Release|x86.Build.0 = Release|Win32
	EndGlobalSection
	GlobalSection(SolutionProperties) = preSolution
		HideSolutionNode = FALSE
	EndGlobalSection
	GlobalSection(ExtensibilityGlobals) = postSolution
		SolutionGuid = {E5118644-A0CB-4F9A-9B77-1B69BC076C69}
	EndGlobalSection
EndGlobal
