
Microsoft Visual Studio Solution File, Format Version 12.00
# Visual Studio Version 17
VisualStudioVersion = 17.11.35312.102
MinimumVisualStudioVersion = 10.0.40219.1
Project("{FAE04EC0-301F-11D3-BF4B-00C04F79EFBC}") = "Tasks To Practise", "Tasks To Practise.csproj", "{33D0E225-7BEC-411F-ADE5-98BD99620496}"
EndProject
Global
	GlobalSection(SolutionConfigurationPlatforms) = preSolution
		Debug|Any CPU = Debug|Any CPU
		Release|Any CPU = Release|Any CPU
	EndGlobalSection
	GlobalSection(ProjectConfigurationPlatforms) = postSolution
		{33D0E225-7BEC-411F-ADE5-98BD99620496}.Debug|Any CPU.ActiveCfg = Debug|Any CPU
		{33D0E225-7BEC-411F-ADE5-98BD99620496}.Debug|Any CPU.Build.0 = Debug|Any CPU
		{33D0E225-7BEC-411F-ADE5-98BD99620496}.Release|Any CPU.ActiveCfg = Release|Any CPU
		{33D0E225-7BEC-411F-ADE5-98BD99620496}.Release|Any CPU.Build.0 = Release|Any CPU
	EndGlobalSection
	GlobalSection(SolutionProperties) = preSolution
		HideSolutionNode = FALSE
	EndGlobalSection
	GlobalSection(ExtensibilityGlobals) = postSolution
		SolutionGuid = {51338B41-CC7F-48D4-B5FC-A61377DFCCD2}
	EndGlobalSection
EndGlobal
