
Microsoft Visual Studio Solution File, Format Version 12.00
# Visual Studio Version 17
VisualStudioVersion = 17.8.34316.72
MinimumVisualStudioVersion = 10.0.40219.1
Project("{8BC9CEB8-8B4A-11D0-8D11-00A0C91BC942}") = "Up casting Vs Down casting", "Up casting Vs Down casting\Up casting Vs Down casting.vcxproj", "{1CACA0BB-6D19-46E3-B772-1BFD0D81C123}"
EndProject
Global
	GlobalSection(SolutionConfigurationPlatforms) = preSolution
		Debug|x64 = Debug|x64
		Debug|x86 = Debug|x86
		Release|x64 = Release|x64
		Release|x86 = Release|x86
	EndGlobalSection
	GlobalSection(ProjectConfigurationPlatforms) = postSolution
		{1CACA0BB-6D19-46E3-B772-1BFD0D81C123}.Debug|x64.ActiveCfg = Debug|x64
		{1CACA0BB-6D19-46E3-B772-1BFD0D81C123}.Debug|x64.Build.0 = Debug|x64
		{1CACA0BB-6D19-46E3-B772-1BFD0D81C123}.Debug|x86.ActiveCfg = Debug|Win32
		{1CACA0BB-6D19-46E3-B772-1BFD0D81C123}.Debug|x86.Build.0 = Debug|Win32
		{1CACA0BB-6D19-46E3-B772-1BFD0D81C123}.Release|x64.ActiveCfg = Release|x64
		{1CACA0BB-6D19-46E3-B772-1BFD0D81C123}.Release|x64.Build.0 = Release|x64
		{1CACA0BB-6D19-46E3-B772-1BFD0D81C123}.Release|x86.ActiveCfg = Release|Win32
		{1CACA0BB-6D19-46E3-B772-1BFD0D81C123}.Release|x86.Build.0 = Release|Win32
	EndGlobalSection
	GlobalSection(SolutionProperties) = preSolution
		HideSolutionNode = FALSE
	EndGlobalSection
	GlobalSection(ExtensibilityGlobals) = postSolution
		SolutionGuid = {E0F0A6B9-00BE-40BA-A0AA-0C45BDD603D5}
	EndGlobalSection
EndGlobal
