
Microsoft Visual Studio Solution File, Format Version 12.00
# Visual Studio Version 17
VisualStudioVersion = 17.11.35312.102
MinimumVisualStudioVersion = 10.0.40219.1
Project("{FAE04EC0-301F-11D3-BF4B-00C04F79EFBC}") = "TemperureChangeEventV2", "TemperureChangeEventV2.csproj", "{ED38E816-429D-4A52-89C5-AC0D41D84685}"
EndProject
Global
	GlobalSection(SolutionConfigurationPlatforms) = preSolution
		Debug|Any CPU = Debug|Any CPU
		Release|Any CPU = Release|Any CPU
	EndGlobalSection
	GlobalSection(ProjectConfigurationPlatforms) = postSolution
		{ED38E816-429D-4A52-89C5-AC0D41D84685}.Debug|Any CPU.ActiveCfg = Debug|Any CPU
		{ED38E816-429D-4A52-89C5-AC0D41D84685}.Debug|Any CPU.Build.0 = Debug|Any CPU
		{ED38E816-429D-4A52-89C5-AC0D41D84685}.Release|Any CPU.ActiveCfg = Release|Any CPU
		{ED38E816-429D-4A52-89C5-AC0D41D84685}.Release|Any CPU.Build.0 = Release|Any CPU
	EndGlobalSection
	GlobalSection(SolutionProperties) = preSolution
		HideSolutionNode = FALSE
	EndGlobalSection
	GlobalSection(ExtensibilityGlobals) = postSolution
		SolutionGuid = {BD8AE6A0-473B-4234-A4B5-2F4071157E72}
	EndGlobalSection
EndGlobal
