
Microsoft Visual Studio Solution File, Format Version 12.00
# Visual Studio Version 17
VisualStudioVersion = 17.8.34316.72
MinimumVisualStudioVersion = 10.0.40219.1
Project("{8BC9CEB8-8B4A-11D0-8D11-00A0C91BC942}") = "sparce matrix", "sparce matrix\sparce matrix.vcxproj", "{5A6B7928-C09B-4ED6-9559-34B76163C7A5}"
EndProject
Global
	GlobalSection(SolutionConfigurationPlatforms) = preSolution
		Debug|x64 = Debug|x64
		Debug|x86 = Debug|x86
		Release|x64 = Release|x64
		Release|x86 = Release|x86
	EndGlobalSection
	GlobalSection(ProjectConfigurationPlatforms) = postSolution
		{5A6B7928-C09B-4ED6-9559-34B76163C7A5}.Debug|x64.ActiveCfg = Debug|x64
		{5A6B7928-C09B-4ED6-9559-34B76163C7A5}.Debug|x64.Build.0 = Debug|x64
		{5A6B7928-C09B-4ED6-9559-34B76163C7A5}.Debug|x86.ActiveCfg = Debug|Win32
		{5A6B7928-C09B-4ED6-9559-34B76163C7A5}.Debug|x86.Build.0 = Debug|Win32
		{5A6B7928-C09B-4ED6-9559-34B76163C7A5}.Release|x64.ActiveCfg = Release|x64
		{5A6B7928-C09B-4ED6-9559-34B76163C7A5}.Release|x64.Build.0 = Release|x64
		{5A6B7928-C09B-4ED6-9559-34B76163C7A5}.Release|x86.ActiveCfg = Release|Win32
		{5A6B7928-C09B-4ED6-9559-34B76163C7A5}.Release|x86.Build.0 = Release|Win32
	EndGlobalSection
	GlobalSection(SolutionProperties) = preSolution
		HideSolutionNode = FALSE
	EndGlobalSection
	GlobalSection(ExtensibilityGlobals) = postSolution
		SolutionGuid = {A6DE79A8-4B9A-4E61-BC47-E44AED7DD329}
	EndGlobalSection
EndGlobal
