
Microsoft Visual Studio Solution File, Format Version 12.00
# Visual Studio Version 17
VisualStudioVersion = 17.8.34316.72
MinimumVisualStudioVersion = 10.0.40219.1
Project("{8BC9CEB8-8B4A-11D0-8D11-00A0C91BC942}") = "replace word in string", "replace word in string\replace word in string.vcxproj", "{1FD7D977-F9CD-48A3-B9AE-5EF59C445320}"
EndProject
Global
	GlobalSection(SolutionConfigurationPlatforms) = preSolution
		Debug|x64 = Debug|x64
		Debug|x86 = Debug|x86
		Release|x64 = Release|x64
		Release|x86 = Release|x86
	EndGlobalSection
	GlobalSection(ProjectConfigurationPlatforms) = postSolution
		{1FD7D977-F9CD-48A3-B9AE-5EF59C445320}.Debug|x64.ActiveCfg = Debug|x64
		{1FD7D977-F9CD-48A3-B9AE-5EF59C445320}.Debug|x64.Build.0 = Debug|x64
		{1FD7D977-F9CD-48A3-B9AE-5EF59C445320}.Debug|x86.ActiveCfg = Debug|Win32
		{1FD7D977-F9CD-48A3-B9AE-5EF59C445320}.Debug|x86.Build.0 = Debug|Win32
		{1FD7D977-F9CD-48A3-B9AE-5EF59C445320}.Release|x64.ActiveCfg = Release|x64
		{1FD7D977-F9CD-48A3-B9AE-5EF59C445320}.Release|x64.Build.0 = Release|x64
		{1FD7D977-F9CD-48A3-B9AE-5EF59C445320}.Release|x86.ActiveCfg = Release|Win32
		{1FD7D977-F9CD-48A3-B9AE-5EF59C445320}.Release|x86.Build.0 = Release|Win32
	EndGlobalSection
	GlobalSection(SolutionProperties) = preSolution
		HideSolutionNode = FALSE
	EndGlobalSection
	GlobalSection(ExtensibilityGlobals) = postSolution
		SolutionGuid = {CDBF4F35-C51D-47DC-A1FD-BFD3794AA1F0}
	EndGlobalSection
EndGlobal
