
Microsoft Visual Studio Solution File, Format Version 12.00
# Visual Studio Version 17
VisualStudioVersion = 17.8.34316.72
MinimumVisualStudioVersion = 10.0.40219.1
Project("{8BC9CEB8-8B4A-11D0-8D11-00A0C91BC942}") = "Calculate Vacation Day", "Calculate Vacation Day\Calculate Vacation Day.vcxproj", "{51513F11-9E4D-4700-A303-E6B7E272E828}"
EndProject
Global
	GlobalSection(SolutionConfigurationPlatforms) = preSolution
		Debug|x64 = Debug|x64
		Debug|x86 = Debug|x86
		Release|x64 = Release|x64
		Release|x86 = Release|x86
	EndGlobalSection
	GlobalSection(ProjectConfigurationPlatforms) = postSolution
		{51513F11-9E4D-4700-A303-E6B7E272E828}.Debug|x64.ActiveCfg = Debug|x64
		{51513F11-9E4D-4700-A303-E6B7E272E828}.Debug|x64.Build.0 = Debug|x64
		{51513F11-9E4D-4700-A303-E6B7E272E828}.Debug|x86.ActiveCfg = Debug|Win32
		{51513F11-9E4D-4700-A303-E6B7E272E828}.Debug|x86.Build.0 = Debug|Win32
		{51513F11-9E4D-4700-A303-E6B7E272E828}.Release|x64.ActiveCfg = Release|x64
		{51513F11-9E4D-4700-A303-E6B7E272E828}.Release|x64.Build.0 = Release|x64
		{51513F11-9E4D-4700-A303-E6B7E272E828}.Release|x86.ActiveCfg = Release|Win32
		{51513F11-9E4D-4700-A303-E6B7E272E828}.Release|x86.Build.0 = Release|Win32
	EndGlobalSection
	GlobalSection(SolutionProperties) = preSolution
		HideSolutionNode = FALSE
	EndGlobalSection
	GlobalSection(ExtensibilityGlobals) = postSolution
		SolutionGuid = {FD6B9150-159F-4133-A6FC-B2BA7CC5EF6F}
	EndGlobalSection
EndGlobal
