
Microsoft Visual Studio Solution File, Format Version 12.00
# Visual Studio Version 17
VisualStudioVersion = 17.9.34723.18
MinimumVisualStudioVersion = 10.0.40219.1
Project("{FAE04EC0-301F-11D3-BF4B-00C04F79EFBC}") = "Find One Contact Version2", "Find One Contact Version2.csproj", "{2ED05E30-CB53-42A2-B7F1-447508312E0A}"
EndProject
Global
	GlobalSection(SolutionConfigurationPlatforms) = preSolution
		Debug|Any CPU = Debug|Any CPU
		Release|Any CPU = Release|Any CPU
	EndGlobalSection
	GlobalSection(ProjectConfigurationPlatforms) = postSolution
		{2ED05E30-CB53-42A2-B7F1-447508312E0A}.Debug|Any CPU.ActiveCfg = Debug|Any CPU
		{2ED05E30-CB53-42A2-B7F1-447508312E0A}.Debug|Any CPU.Build.0 = Debug|Any CPU
		{2ED05E30-CB53-42A2-B7F1-447508312E0A}.Release|Any CPU.ActiveCfg = Release|Any CPU
		{2ED05E30-CB53-42A2-B7F1-447508312E0A}.Release|Any CPU.Build.0 = Release|Any CPU
	EndGlobalSection
	GlobalSection(SolutionProperties) = preSolution
		HideSolutionNode = FALSE
	EndGlobalSection
	GlobalSection(ExtensibilityGlobals) = postSolution
		SolutionGuid = {82CA44F4-3EBB-45B6-999B-48AD96CAAE2F}
	EndGlobalSection
EndGlobal
