
Microsoft Visual Studio Solution File, Format Version 12.00
# Visual Studio Version 17
VisualStudioVersion = 17.11.35312.102
MinimumVisualStudioVersion = 10.0.40219.1
Project("{FAE04EC0-301F-11D3-BF4B-00C04F79EFBC}") = "Reading From Registry ChatGpt Example", "Reading From Registry ChatGpt Example.csproj", "{184FF557-83B5-4D33-BCC3-37E2DF845C27}"
EndProject
Global
	GlobalSection(SolutionConfigurationPlatforms) = preSolution
		Debug|Any CPU = Debug|Any CPU
		Release|Any CPU = Release|Any CPU
	EndGlobalSection
	GlobalSection(ProjectConfigurationPlatforms) = postSolution
		{184FF557-83B5-4D33-BCC3-37E2DF845C27}.Debug|Any CPU.ActiveCfg = Debug|Any CPU
		{184FF557-83B5-4D33-BCC3-37E2DF845C27}.Debug|Any CPU.Build.0 = Debug|Any CPU
		{184FF557-83B5-4D33-BCC3-37E2DF845C27}.Release|Any CPU.ActiveCfg = Release|Any CPU
		{184FF557-83B5-4D33-BCC3-37E2DF845C27}.Release|Any CPU.Build.0 = Release|Any CPU
	EndGlobalSection
	GlobalSection(SolutionProperties) = preSolution
		HideSolutionNode = FALSE
	EndGlobalSection
	GlobalSection(ExtensibilityGlobals) = postSolution
		SolutionGuid = {EE170BB0-6E38-4C95-83E1-06106CABB6A2}
	EndGlobalSection
EndGlobal
