
Microsoft Visual Studio Solution File, Format Version 12.00
# Visual Studio Version 17
VisualStudioVersion = 17.9.34723.18
MinimumVisualStudioVersion = 10.0.40219.1
Project("{FAE04EC0-301F-11D3-BF4B-00C04F79EFBC}") = "RetrieveSingleData2", "RetrieveSingleData2.csproj", "{E5E842BE-AF7C-40DB-B0EE-362EAF47B214}"
EndProject
Global
	GlobalSection(SolutionConfigurationPlatforms) = preSolution
		Debug|Any CPU = Debug|Any CPU
		Release|Any CPU = Release|Any CPU
	EndGlobalSection
	GlobalSection(ProjectConfigurationPlatforms) = postSolution
		{E5E842BE-AF7C-40DB-B0EE-362EAF47B214}.Debug|Any CPU.ActiveCfg = Debug|Any CPU
		{E5E842BE-AF7C-40DB-B0EE-362EAF47B214}.Debug|Any CPU.Build.0 = Debug|Any CPU
		{E5E842BE-AF7C-40DB-B0EE-362EAF47B214}.Release|Any CPU.ActiveCfg = Release|Any CPU
		{E5E842BE-AF7C-40DB-B0EE-362EAF47B214}.Release|Any CPU.Build.0 = Release|Any CPU
	EndGlobalSection
	GlobalSection(SolutionProperties) = preSolution
		HideSolutionNode = FALSE
	EndGlobalSection
	GlobalSection(ExtensibilityGlobals) = postSolution
		SolutionGuid = {BD127AB7-B000-4BE7-8AC9-7431AB20364B}
	EndGlobalSection
EndGlobal
