
Microsoft Visual Studio Solution File, Format Version 12.00
# Visual Studio Version 17
VisualStudioVersion = 17.8.34316.72
MinimumVisualStudioVersion = 10.0.40219.1
Project("{8BC9CEB8-8B4A-11D0-8D11-00A0C91BC942}") = "EX20randomsmallleter+capitalletter+digit", "EX20randomsmallleter+capitalletter+digit\EX20randomsmallleter+capitalletter+digit.vcxproj", "{50BD7E0E-6CB4-4E24-941D-0790C8A512F9}"
EndProject
Global
	GlobalSection(SolutionConfigurationPlatforms) = preSolution
		Debug|x64 = Debug|x64
		Debug|x86 = Debug|x86
		Release|x64 = Release|x64
		Release|x86 = Release|x86
	EndGlobalSection
	GlobalSection(ProjectConfigurationPlatforms) = postSolution
		{50BD7E0E-6CB4-4E24-941D-0790C8A512F9}.Debug|x64.ActiveCfg = Debug|x64
		{50BD7E0E-6CB4-4E24-941D-0790C8A512F9}.Debug|x64.Build.0 = Debug|x64
		{50BD7E0E-6CB4-4E24-941D-0790C8A512F9}.Debug|x86.ActiveCfg = Debug|Win32
		{50BD7E0E-6CB4-4E24-941D-0790C8A512F9}.Debug|x86.Build.0 = Debug|Win32
		{50BD7E0E-6CB4-4E24-941D-0790C8A512F9}.Release|x64.ActiveCfg = Release|x64
		{50BD7E0E-6CB4-4E24-941D-0790C8A512F9}.Release|x64.Build.0 = Release|x64
		{50BD7E0E-6CB4-4E24-941D-0790C8A512F9}.Release|x86.ActiveCfg = Release|Win32
		{50BD7E0E-6CB4-4E24-941D-0790C8A512F9}.Release|x86.Build.0 = Release|Win32
	EndGlobalSection
	GlobalSection(SolutionProperties) = preSolution
		HideSolutionNode = FALSE
	EndGlobalSection
	GlobalSection(ExtensibilityGlobals) = postSolution
		SolutionGuid = {FEC0019A-51BE-42D1-B841-84183B1FDBCD}
	EndGlobalSection
EndGlobal
