
Microsoft Visual Studio Solution File, Format Version 12.00
# Visual Studio Version 17
VisualStudioVersion = 17.8.34316.72
MinimumVisualStudioVersion = 10.0.40219.1
Project("{8BC9CEB8-8B4A-11D0-8D11-00A0C91BC942}") = "Properties set and Get", "Properties set and Get\Properties set and Get.vcxproj", "{1B95AC6B-090D-45A0-90FC-DFA3BDF8ADA6}"
EndProject
Global
	GlobalSection(SolutionConfigurationPlatforms) = preSolution
		Debug|x64 = Debug|x64
		Debug|x86 = Debug|x86
		Release|x64 = Release|x64
		Release|x86 = Release|x86
	EndGlobalSection
	GlobalSection(ProjectConfigurationPlatforms) = postSolution
		{1B95AC6B-090D-45A0-90FC-DFA3BDF8ADA6}.Debug|x64.ActiveCfg = Debug|x64
		{1B95AC6B-090D-45A0-90FC-DFA3BDF8ADA6}.Debug|x64.Build.0 = Debug|x64
		{1B95AC6B-090D-45A0-90FC-DFA3BDF8ADA6}.Debug|x86.ActiveCfg = Debug|Win32
		{1B95AC6B-090D-45A0-90FC-DFA3BDF8ADA6}.Debug|x86.Build.0 = Debug|Win32
		{1B95AC6B-090D-45A0-90FC-DFA3BDF8ADA6}.Release|x64.ActiveCfg = Release|x64
		{1B95AC6B-090D-45A0-90FC-DFA3BDF8ADA6}.Release|x64.Build.0 = Release|x64
		{1B95AC6B-090D-45A0-90FC-DFA3BDF8ADA6}.Release|x86.ActiveCfg = Release|Win32
		{1B95AC6B-090D-45A0-90FC-DFA3BDF8ADA6}.Release|x86.Build.0 = Release|Win32
	EndGlobalSection
	GlobalSection(SolutionProperties) = preSolution
		HideSolutionNode = FALSE
	EndGlobalSection
	GlobalSection(ExtensibilityGlobals) = postSolution
		SolutionGuid = {ADEBBCC4-92E0-435C-A44D-490078AC0222}
	EndGlobalSection
EndGlobal
