
Microsoft Visual Studio Solution File, Format Version 12.00
# Visual Studio Version 17
VisualStudioVersion = 17.8.34316.72
MinimumVisualStudioVersion = 10.0.40219.1
Project("{8BC9CEB8-8B4A-11D0-8D11-00A0C91BC942}") = "EX39 copy prime number of array dynamicly", "EX39 copy prime number of array dynamicly\EX39 copy prime number of array dynamicly.vcxproj", "{3DBCD636-A981-4C45-AA72-6B25118398E8}"
EndProject
Global
	GlobalSection(SolutionConfigurationPlatforms) = preSolution
		Debug|x64 = Debug|x64
		Debug|x86 = Debug|x86
		Release|x64 = Release|x64
		Release|x86 = Release|x86
	EndGlobalSection
	GlobalSection(ProjectConfigurationPlatforms) = postSolution
		{3DBCD636-A981-4C45-AA72-6B25118398E8}.Debug|x64.ActiveCfg = Debug|x64
		{3DBCD636-A981-4C45-AA72-6B25118398E8}.Debug|x64.Build.0 = Debug|x64
		{3DBCD636-A981-4C45-AA72-6B25118398E8}.Debug|x86.ActiveCfg = Debug|Win32
		{3DBCD636-A981-4C45-AA72-6B25118398E8}.Debug|x86.Build.0 = Debug|Win32
		{3DBCD636-A981-4C45-AA72-6B25118398E8}.Release|x64.ActiveCfg = Release|x64
		{3DBCD636-A981-4C45-AA72-6B25118398E8}.Release|x64.Build.0 = Release|x64
		{3DBCD636-A981-4C45-AA72-6B25118398E8}.Release|x86.ActiveCfg = Release|Win32
		{3DBCD636-A981-4C45-AA72-6B25118398E8}.Release|x86.Build.0 = Release|Win32
	EndGlobalSection
	GlobalSection(SolutionProperties) = preSolution
		HideSolutionNode = FALSE
	EndGlobalSection
	GlobalSection(ExtensibilityGlobals) = postSolution
		SolutionGuid = {8708682B-2EE4-444E-86CC-69C7B18F8FAB}
	EndGlobalSection
EndGlobal
