
Microsoft Visual Studio Solution File, Format Version 12.00
# Visual Studio Version 17
VisualStudioVersion = 17.9.34723.18
MinimumVisualStudioVersion = 10.0.40219.1
Project("{FAE04EC0-301F-11D3-BF4B-00C04F79EFBC}") = "Private Constructor and Static Class", "Private Constructor and Static Class.csproj", "{9AD97C2C-74B1-450D-882C-EB849F614107}"
EndProject
Global
	GlobalSection(SolutionConfigurationPlatforms) = preSolution
		Debug|Any CPU = Debug|Any CPU
		Release|Any CPU = Release|Any CPU
	EndGlobalSection
	GlobalSection(ProjectConfigurationPlatforms) = postSolution
		{9AD97C2C-74B1-450D-882C-EB849F614107}.Debug|Any CPU.ActiveCfg = Debug|Any CPU
		{9AD97C2C-74B1-450D-882C-EB849F614107}.Debug|Any CPU.Build.0 = Debug|Any CPU
		{9AD97C2C-74B1-450D-882C-EB849F614107}.Release|Any CPU.ActiveCfg = Release|Any CPU
		{9AD97C2C-74B1-450D-882C-EB849F614107}.Release|Any CPU.Build.0 = Release|Any CPU
	EndGlobalSection
	GlobalSection(SolutionProperties) = preSolution
		HideSolutionNode = FALSE
	EndGlobalSection
	GlobalSection(ExtensibilityGlobals) = postSolution
		SolutionGuid = {3C07B2F1-33C5-4735-8321-FED7F6998A0E}
	EndGlobalSection
EndGlobal
