
Microsoft Visual Studio Solution File, Format Version 12.00
# Visual Studio Version 17
VisualStudioVersion = 17.8.34316.72
MinimumVisualStudioVersion = 10.0.40219.1
Project("{8BC9CEB8-8B4A-11D0-8D11-00A0C91BC942}") = "array with structure", "array with structure\array with structure.vcxproj", "{F4140C3D-606B-4E93-BF8A-6DA977DE170E}"
EndProject
Global
	GlobalSection(SolutionConfigurationPlatforms) = preSolution
		Debug|x64 = Debug|x64
		Debug|x86 = Debug|x86
		Release|x64 = Release|x64
		Release|x86 = Release|x86
	EndGlobalSection
	GlobalSection(ProjectConfigurationPlatforms) = postSolution
		{F4140C3D-606B-4E93-BF8A-6DA977DE170E}.Debug|x64.ActiveCfg = Debug|x64
		{F4140C3D-606B-4E93-BF8A-6DA977DE170E}.Debug|x64.Build.0 = Debug|x64
		{F4140C3D-606B-4E93-BF8A-6DA977DE170E}.Debug|x86.ActiveCfg = Debug|Win32
		{F4140C3D-606B-4E93-BF8A-6DA977DE170E}.Debug|x86.Build.0 = Debug|Win32
		{F4140C3D-606B-4E93-BF8A-6DA977DE170E}.Release|x64.ActiveCfg = Release|x64
		{F4140C3D-606B-4E93-BF8A-6DA977DE170E}.Release|x64.Build.0 = Release|x64
		{F4140C3D-606B-4E93-BF8A-6DA977DE170E}.Release|x86.ActiveCfg = Release|Win32
		{F4140C3D-606B-4E93-BF8A-6DA977DE170E}.Release|x86.Build.0 = Release|Win32
	EndGlobalSection
	GlobalSection(SolutionProperties) = preSolution
		HideSolutionNode = FALSE
	EndGlobalSection
	GlobalSection(ExtensibilityGlobals) = postSolution
		SolutionGuid = {1098DCF7-DF2A-44B7-A146-377D3B214D88}
	EndGlobalSection
EndGlobal
