
Microsoft Visual Studio Solution File, Format Version 12.00
# Visual Studio Version 17
VisualStudioVersion = 17.9.34723.18
MinimumVisualStudioVersion = 10.0.40219.1
Project("{FAE04EC0-301F-11D3-BF4B-00C04F79EFBC}") = "MultiLevel  Inheritance", "MultiLevel  Inheritance.csproj", "{252375C9-D90C-4BF4-B48B-D0BF9A5A9D48}"
EndProject
Global
	GlobalSection(SolutionConfigurationPlatforms) = preSolution
		Debug|Any CPU = Debug|Any CPU
		Release|Any CPU = Release|Any CPU
	EndGlobalSection
	GlobalSection(ProjectConfigurationPlatforms) = postSolution
		{252375C9-D90C-4BF4-B48B-D0BF9A5A9D48}.Debug|Any CPU.ActiveCfg = Debug|Any CPU
		{252375C9-D90C-4BF4-B48B-D0BF9A5A9D48}.Debug|Any CPU.Build.0 = Debug|Any CPU
		{252375C9-D90C-4BF4-B48B-D0BF9A5A9D48}.Release|Any CPU.ActiveCfg = Release|Any CPU
		{252375C9-D90C-4BF4-B48B-D0BF9A5A9D48}.Release|Any CPU.Build.0 = Release|Any CPU
	EndGlobalSection
	GlobalSection(SolutionProperties) = preSolution
		HideSolutionNode = FALSE
	EndGlobalSection
	GlobalSection(ExtensibilityGlobals) = postSolution
		SolutionGuid = {32AD4839-19C7-4920-8DA4-DB41EE4BE910}
	EndGlobalSection
EndGlobal
