
Microsoft Visual Studio Solution File, Format Version 12.00
# Visual Studio Version 17
VisualStudioVersion = 17.10.34928.147
MinimumVisualStudioVersion = 10.0.40219.1
Project("{FAE04EC0-301F-11D3-BF4B-00C04F79EFBC}") = "Contacts", "Contacts.csproj", "{3F0238A3-1098-4BF6-962F-BB83FA590ADF}"
EndProject
Project("{FAE04EC0-301F-11D3-BF4B-00C04F79EFBC}") = "ContactBusinessLayer", "..\..\ContactsProject 3tier Architechture\ContactBusinessLayer\ContactBusinessLayer.csproj", "{EBD2E15B-A055-42C4-B741-FE8595584E19}"
EndProject
Project("{FAE04EC0-301F-11D3-BF4B-00C04F79EFBC}") = "ContactDataAccessLayer", "..\..\ContactsProject 3tier Architechture\ContactDataAccessLayer\ContactDataAccessLayer.csproj", "{E2E42EBA-58F4-410C-8F48-7AADA29C5849}"
EndProject
Global
	GlobalSection(SolutionConfigurationPlatforms) = preSolution
		Debug|Any CPU = Debug|Any CPU
		Release|Any CPU = Release|Any CPU
	EndGlobalSection
	GlobalSection(ProjectConfigurationPlatforms) = postSolution
		{3F0238A3-1098-4BF6-962F-BB83FA590ADF}.Debug|Any CPU.ActiveCfg = Debug|Any CPU
		{3F0238A3-1098-4BF6-962F-BB83FA590ADF}.Debug|Any CPU.Build.0 = Debug|Any CPU
		{3F0238A3-1098-4BF6-962F-BB83FA590ADF}.Release|Any CPU.ActiveCfg = Release|Any CPU
		{3F0238A3-1098-4BF6-962F-BB83FA590ADF}.Release|Any CPU.Build.0 = Release|Any CPU
		{EBD2E15B-A055-42C4-B741-FE8595584E19}.Debug|Any CPU.ActiveCfg = Debug|Any CPU
		{EBD2E15B-A055-42C4-B741-FE8595584E19}.Debug|Any CPU.Build.0 = Debug|Any CPU
		{EBD2E15B-A055-42C4-B741-FE8595584E19}.Release|Any CPU.ActiveCfg = Release|Any CPU
		{EBD2E15B-A055-42C4-B741-FE8595584E19}.Release|Any CPU.Build.0 = Release|Any CPU
		{E2E42EBA-58F4-410C-8F48-7AADA29C5849}.Debug|Any CPU.ActiveCfg = Debug|Any CPU
		{E2E42EBA-58F4-410C-8F48-7AADA29C5849}.Debug|Any CPU.Build.0 = Debug|Any CPU
		{E2E42EBA-58F4-410C-8F48-7AADA29C5849}.Release|Any CPU.ActiveCfg = Release|Any CPU
		{E2E42EBA-58F4-410C-8F48-7AADA29C5849}.Release|Any CPU.Build.0 = Release|Any CPU
	EndGlobalSection
	GlobalSection(SolutionProperties) = preSolution
		HideSolutionNode = FALSE
	EndGlobalSection
	GlobalSection(ExtensibilityGlobals) = postSolution
		SolutionGuid = {1F82C2ED-F70F-42E5-9F79-E500D451D4F7}
	EndGlobalSection
EndGlobal
