
Microsoft Visual Studio Solution File, Format Version 12.00
# Visual Studio Version 17
VisualStudioVersion = 17.11.35312.102
MinimumVisualStudioVersion = 10.0.40219.1
Project("{FAE04EC0-301F-11D3-BF4B-00C04F79EFBC}") = "Serializer Practise", "Serializer Practise.csproj", "{AAA093E6-4266-4F7E-8780-D8266D4D6543}"
EndProject
Global
	GlobalSection(SolutionConfigurationPlatforms) = preSolution
		Debug|Any CPU = Debug|Any CPU
		Release|Any CPU = Release|Any CPU
	EndGlobalSection
	GlobalSection(ProjectConfigurationPlatforms) = postSolution
		{AAA093E6-4266-4F7E-8780-D8266D4D6543}.Debug|Any CPU.ActiveCfg = Debug|Any CPU
		{AAA093E6-4266-4F7E-8780-D8266D4D6543}.Debug|Any CPU.Build.0 = Debug|Any CPU
		{AAA093E6-4266-4F7E-8780-D8266D4D6543}.Release|Any CPU.ActiveCfg = Release|Any CPU
		{AAA093E6-4266-4F7E-8780-D8266D4D6543}.Release|Any CPU.Build.0 = Release|Any CPU
	EndGlobalSection
	GlobalSection(SolutionProperties) = preSolution
		HideSolutionNode = FALSE
	EndGlobalSection
	GlobalSection(ExtensibilityGlobals) = postSolution
		SolutionGuid = {956A4FA3-103C-4906-A0BC-A80945A95F5A}
	EndGlobalSection
EndGlobal
