
Microsoft Visual Studio Solution File, Format Version 12.00
# Visual Studio Version 17
VisualStudioVersion = 17.8.34316.72
MinimumVisualStudioVersion = 10.0.40219.1
Project("{8BC9CEB8-8B4A-11D0-8D11-00A0C91BC942}") = "EX9 frequence of digit", "EX9 frequence of digit\EX9 frequence of digit.vcxproj", "{EC97E48D-22B1-40CD-BA68-5B9A23A0954F}"
EndProject
Global
	GlobalSection(SolutionConfigurationPlatforms) = preSolution
		Debug|x64 = Debug|x64
		Debug|x86 = Debug|x86
		Release|x64 = Release|x64
		Release|x86 = Release|x86
	EndGlobalSection
	GlobalSection(ProjectConfigurationPlatforms) = postSolution
		{EC97E48D-22B1-40CD-BA68-5B9A23A0954F}.Debug|x64.ActiveCfg = Debug|x64
		{EC97E48D-22B1-40CD-BA68-5B9A23A0954F}.Debug|x64.Build.0 = Debug|x64
		{EC97E48D-22B1-40CD-BA68-5B9A23A0954F}.Debug|x86.ActiveCfg = Debug|Win32
		{EC97E48D-22B1-40CD-BA68-5B9A23A0954F}.Debug|x86.Build.0 = Debug|Win32
		{EC97E48D-22B1-40CD-BA68-5B9A23A0954F}.Release|x64.ActiveCfg = Release|x64
		{EC97E48D-22B1-40CD-BA68-5B9A23A0954F}.Release|x64.Build.0 = Release|x64
		{EC97E48D-22B1-40CD-BA68-5B9A23A0954F}.Release|x86.ActiveCfg = Release|Win32
		{EC97E48D-22B1-40CD-BA68-5B9A23A0954F}.Release|x86.Build.0 = Release|Win32
	EndGlobalSection
	GlobalSection(SolutionProperties) = preSolution
		HideSolutionNode = FALSE
	EndGlobalSection
	GlobalSection(ExtensibilityGlobals) = postSolution
		SolutionGuid = {B06F87C0-1C54-4027-865F-978DCF1B8A53}
	EndGlobalSection
EndGlobal
